
Microsoft Visual Studio Solution File, Format Version 12.00
# Visual Studio 15
VisualStudioVersion = 15.0.28010.2050
MinimumVisualStudioVersion = 10.0.40219.1
Project("{9A19103F-16F7-4668-BE54-9A1E7A4F7556}") = "EVCS", "EVCS\EVCS.csproj", "{D7F843E7-2B02-4E13-84AF-ECA4D331B9E8}"
EndProject
Project("{FAE04EC0-301F-11D3-BF4B-00C04F79EFBC}") = "EVCSCenterServer", "EVCSCenterServer\EVCSCenterServer.csproj", "{105662F9-08AE-4AEA-BBE3-0AA7EAC46011}"
EndProject
Global
	GlobalSection(SolutionConfigurationPlatforms) = preSolution
		Debug|Any CPU = Debug|Any CPU
		Release|Any CPU = Release|Any CPU
	EndGlobalSection
	GlobalSection(ProjectConfigurationPlatforms) = postSolution
		{D7F843E7-2B02-4E13-84AF-ECA4D331B9E8}.Debug|Any CPU.ActiveCfg = Debug|Any CPU
		{D7F843E7-2B02-4E13-84AF-ECA4D331B9E8}.Debug|Any CPU.Build.0 = Debug|Any CPU
		{D7F843E7-2B02-4E13-84AF-ECA4D331B9E8}.Release|Any CPU.ActiveCfg = Release|Any CPU
		{D7F843E7-2B02-4E13-84AF-ECA4D331B9E8}.Release|Any CPU.Build.0 = Release|Any CPU
		{105662F9-08AE-4AEA-BBE3-0AA7EAC46011}.Debug|Any CPU.ActiveCfg = Debug|Any CPU
		{105662F9-08AE-4AEA-BBE3-0AA7EAC46011}.Debug|Any CPU.Build.0 = Debug|Any CPU
		{105662F9-08AE-4AEA-BBE3-0AA7EAC46011}.Release|Any CPU.ActiveCfg = Release|Any CPU
		{105662F9-08AE-4AEA-BBE3-0AA7EAC46011}.Release|Any CPU.Build.0 = Release|Any CPU
	EndGlobalSection
	GlobalSection(SolutionProperties) = preSolution
		HideSolutionNode = FALSE
	EndGlobalSection
	GlobalSection(ExtensibilityGlobals) = postSolution
		SolutionGuid = {D4CDAFA2-B6FA-4F08-BFBC-AFD8EC32E57C}
	EndGlobalSection
EndGlobal
